// !$*UTF8*$!
{
	archiveVersion = 1;
	classes = {
	};
	objectVersion = 50;
	objects = {

/* Begin PBXBuildFile section */
		6082F804256CB973008A482D /* RFID_BluetoothApp.swift in Sources */ = {isa = PBXBuildFile; fileRef = 6082F803256CB973008A482D /* RFID_BluetoothApp.swift */; };
		6082F806256CB973008A482D /* BLEListView.swift in Sources */ = {isa = PBXBuildFile; fileRef = 6082F805256CB973008A482D /* BLEListView.swift */; };
		6082F808256CB975008A482D /* Assets.xcassets in Resources */ = {isa = PBXBuildFile; fileRef = 6082F807256CB975008A482D /* Assets.xcassets */; };
		6082F80B256CB975008A482D /* Preview Assets.xcassets in Resources */ = {isa = PBXBuildFile; fileRef = 6082F80A256CB975008A482D /* Preview Assets.xcassets */; };
		6082F819256F624B008A482D /* BLEManager.swift in Sources */ = {isa = PBXBuildFile; fileRef = 6082F818256F624B008A482D /* BLEManager.swift */; };
		6082F81D256F92C6008A482D /* ViewModifierUI.swift in Sources */ = {isa = PBXBuildFile; fileRef = 6082F81C256F92C6008A482D /* ViewModifierUI.swift */; };
		6082F83825720A3A008A482D /* ConnectBTView.swift in Sources */ = {isa = PBXBuildFile; fileRef = 6082F83725720A3A008A482D /* ConnectBTView.swift */; };
		6082F83F25736DCC008A482D /* Peripheral.swift in Sources */ = {isa = PBXBuildFile; fileRef = 6082F83E25736DCC008A482D /* Peripheral.swift */; };
		6082F8472573A12C008A482D /* BTMenuView.swift in Sources */ = {isa = PBXBuildFile; fileRef = 6082F8462573A12C008A482D /* BTMenuView.swift */; };
		6082F84D2573A4D8008A482D /* RFID.swift in Sources */ = {isa = PBXBuildFile; fileRef = 6082F84C2573A4D8008A482D /* RFID.swift */; };
		6082F85E2573F314008A482D /* RFIDLlistView.swift in Sources */ = {isa = PBXBuildFile; fileRef = 6082F85D2573F314008A482D /* RFIDLlistView.swift */; };
		6082F8642574A98D008A482D /* Name_RegistrationView.swift in Sources */ = {isa = PBXBuildFile; fileRef = 6082F8632574A98D008A482D /* Name_RegistrationView.swift */; };
		6082F8672574A9D9008A482D /* Consumer_RechargeView.swift in Sources */ = {isa = PBXBuildFile; fileRef = 6082F8662574A9D9008A482D /* Consumer_RechargeView.swift */; };
/* End PBXBuildFile section */

/* Begin PBXFileReference section */
		6082F800256CB973008A482D /* RFID_Bluetooth.app */ = {isa = PBXFileReference; explicitFileType = wrapper.application; includeInIndex = 0; path = RFID_Bluetooth.app; sourceTree = BUILT_PRODUCTS_DIR; };
		6082F803256CB973008A482D /* RFID_BluetoothApp.swift */ = {isa = PBXFileReference; lastKnownFileType = sourcecode.swift; path = RFID_BluetoothApp.swift; sourceTree = "<group>"; };
		6082F805256CB973008A482D /* BLEListView.swift */ = {isa = PBXFileReference; lastKnownFileType = sourcecode.swift; path = BLEListView.swift; sourceTree = "<group>"; };
		6082F807256CB975008A482D /* Assets.xcassets */ = {isa = PBXFileReference; lastKnownFileType = folder.assetcatalog; path = Assets.xcassets; sourceTree = "<group>"; };
		6082F80A256CB975008A482D /* Preview Assets.xcassets */ = {isa = PBXFileReference; lastKnownFileType = folder.assetcatalog; path = "Preview Assets.xcassets"; sourceTree = "<group>"; };
		6082F80C256CB975008A482D /* Info.plist */ = {isa = PBXFileReference; lastKnownFileType = text.plist.xml; path = Info.plist; sourceTree = "<group>"; };
		6082F818256F624B008A482D /* BLEManager.swift */ = {isa = PBXFileReference; lastKnownFileType = sourcecode.swift; path = BLEManager.swift; sourceTree = "<group>"; };
		6082F81C256F92C6008A482D /* ViewModifierUI.swift */ = {isa = PBXFileReference; lastKnownFileType = sourcecode.swift; path = ViewModifierUI.swift; sourceTree = "<group>"; };
		6082F83725720A3A008A482D /* ConnectBTView.swift */ = {isa = PBXFileReference; lastKnownFileType = sourcecode.swift; path = ConnectBTView.swift; sourceTree = "<group>"; };
		6082F83E25736DCC008A482D /* Peripheral.swift */ = {isa = PBXFileReference; lastKnownFileType = sourcecode.swift; path = Peripheral.swift; sourceTree = "<group>"; };
		6082F8462573A12C008A482D /* BTMenuView.swift */ = {isa = PBXFileReference; lastKnownFileType = sourcecode.swift; path = BTMenuView.swift; sourceTree = "<group>"; };
		6082F84C2573A4D8008A482D /* RFID.swift */ = {isa = PBXFileReference; lastKnownFileType = sourcecode.swift; path = RFID.swift; sourceTree = "<group>"; };
		6082F85D2573F314008A482D /* RFIDLlistView.swift */ = {isa = PBXFileReference; lastKnownFileType = sourcecode.swift; path = RFIDLlistView.swift; sourceTree = "<group>"; };
		6082F8632574A98D008A482D /* Name_RegistrationView.swift */ = {isa = PBXFileReference; lastKnownFileType = sourcecode.swift; path = Name_RegistrationView.swift; sourceTree = "<group>"; };
		6082F8662574A9D9008A482D /* Consumer_RechargeView.swift */ = {isa = PBXFileReference; lastKnownFileType = sourcecode.swift; path = Consumer_RechargeView.swift; sourceTree = "<group>"; };
/* End PBXFileReference section */

/* Begin PBXFrameworksBuildPhase section */
		6082F7FD256CB973008A482D /* Frameworks */ = {
			isa = PBXFrameworksBuildPhase;
			buildActionMask = 2147483647;
			files = (
			);
			runOnlyForDeploymentPostprocessing = 0;
		};
/* End PBXFrameworksBuildPhase section */

/* Begin PBXGroup section */
		6082F7F7256CB973008A482D = {
			isa = PBXGroup;
			children = (
				6082F802256CB973008A482D /* RFID_Bluetooth */,
				6082F801256CB973008A482D /* Products */,
			);
			sourceTree = "<group>";
		};
		6082F801256CB973008A482D /* Products */ = {
			isa = PBXGroup;
			children = (
				6082F800256CB973008A482D /* RFID_Bluetooth.app */,
			);
			name = Products;
			sourceTree = "<group>";
		};
		6082F802256CB973008A482D /* RFID_Bluetooth */ = {
			isa = PBXGroup;
			children = (
				6082F803256CB973008A482D /* RFID_BluetoothApp.swift */,
				6082F8522573A57B008A482D /* Model */,
				6082F818256F624B008A482D /* BLEManager.swift */,
				6082F805256CB973008A482D /* BLEListView.swift */,
				6082F83725720A3A008A482D /* ConnectBTView.swift */,
				6082F8462573A12C008A482D /* BTMenuView.swift */,
				6082F8632574A98D008A482D /* Name_RegistrationView.swift */,
				6082F8662574A9D9008A482D /* Consumer_RechargeView.swift */,
				6082F85D2573F314008A482D /* RFIDLlistView.swift */,
				6082F81C256F92C6008A482D /* ViewModifierUI.swift */,
				6082F807256CB975008A482D /* Assets.xcassets */,
				6082F80C256CB975008A482D /* Info.plist */,
				6082F809256CB975008A482D /* Preview Content */,
			);
			path = RFID_Bluetooth;
			sourceTree = "<group>";
		};
		6082F809256CB975008A482D /* Preview Content */ = {
			isa = PBXGroup;
			children = (
				6082F80A256CB975008A482D /* Preview Assets.xcassets */,
			);
			path = "Preview Content";
			sourceTree = "<group>";
		};
		6082F8522573A57B008A482D /* Model */ = {
			isa = PBXGroup;
			children = (
				6082F83E25736DCC008A482D /* Peripheral.swift */,
				6082F84C2573A4D8008A482D /* RFID.swift */,
			);
			path = Model;
			sourceTree = "<group>";
		};
/* End PBXGroup section */

/* Begin PBXNativeTarget section */
		6082F7FF256CB973008A482D /* RFID_Bluetooth */ = {
			isa = PBXNativeTarget;
			buildConfigurationList = 6082F80F256CB975008A482D /* Build configuration list for PBXNativeTarget "RFID_Bluetooth" */;
			buildPhases = (
				6082F7FC256CB973008A482D /* Sources */,
				6082F7FD256CB973008A482D /* Frameworks */,
				6082F7FE256CB973008A482D /* Resources */,
			);
			buildRules = (
			);
			dependencies = (
			);
			name = RFID_Bluetooth;
			productName = RFID_Bluetooth;
			productReference = 6082F800256CB973008A482D /* RFID_Bluetooth.app */;
			productType = "com.apple.product-type.application";
		};
/* End PBXNativeTarget section */

/* Begin PBXProject section */
		6082F7F8256CB973008A482D /* Project object */ = {
			isa = PBXProject;
			attributes = {
				LastSwiftUpdateCheck = 1220;
				LastUpgradeCheck = 1220;
				TargetAttributes = {
					6082F7FF256CB973008A482D = {
						CreatedOnToolsVersion = 12.2;
					};
				};
			};
			buildConfigurationList = 6082F7FB256CB973008A482D /* Build configuration list for PBXProject "RFID_Bluetooth" */;
			compatibilityVersion = "Xcode 9.3";
			developmentRegion = en;
			hasScannedForEncodings = 0;
			knownRegions = (
				en,
				Base,
			);
			mainGroup = 6082F7F7256CB973008A482D;
			productRefGroup = 6082F801256CB973008A482D /* Products */;
			projectDirPath = "";
			projectRoot = "";
			targets = (
				6082F7FF256CB973008A482D /* RFID_Bluetooth */,
			);
		};
/* End PBXProject section */

/* Begin PBXResourcesBuildPhase section */
		6082F7FE256CB973008A482D /* Resources */ = {
			isa = PBXResourcesBuildPhase;
			buildActionMask = 2147483647;
			files = (
				6082F80B256CB975008A482D /* Preview Assets.xcassets in Resources */,
				6082F808256CB975008A482D /* Assets.xcassets in Resources */,
			);
			runOnlyForDeploymentPostprocessing = 0;
		};
/* End PBXResourcesBuildPhase section */

/* Begin PBXSourcesBuildPhase section */
		6082F7FC256CB973008A482D /* Sources */ = {
			isa = PBXSourcesBuildPhase;
			buildActionMask = 2147483647;
			files = (
				6082F8642574A98D008A482D /* Name_RegistrationView.swift in Sources */,
				6082F806256CB973008A482D /* BLEListView.swift in Sources */,
				6082F83F25736DCC008A482D /* Peripheral.swift in Sources */,
				6082F84D2573A4D8008A482D /* RFID.swift in Sources */,
				6082F85E2573F314008A482D /* RFIDLlistView.swift in Sources */,
				6082F819256F624B008A482D /* BLEManager.swift in Sources */,
				6082F83825720A3A008A482D /* ConnectBTView.swift in Sources */,
				6082F81D256F92C6008A482D /* ViewModifierUI.swift in Sources */,
				6082F8472573A12C008A482D /* BTMenuView.swift in Sources */,
				6082F804256CB973008A482D /* RFID_BluetoothApp.swift in Sources */,
				6082F8672574A9D9008A482D /* Consumer_RechargeView.swift in Sources */,
			);
			runOnlyForDeploymentPostprocessing = 0;
		};
/* End PBXSourcesBuildPhase section */

/* Begin XCBuildConfiguration section */
		6082F80D256CB975008A482D /* Debug */ = {
			isa = XCBuildConfiguration;
			buildSettings = {
				ALWAYS_SEARCH_USER_PATHS = NO;
				CLANG_ANALYZER_NONNULL = YES;
				CLANG_ANALYZER_NUMBER_OBJECT_CONVERSION = YES_AGGRESSIVE;
				CLANG_CXX_LANGUAGE_STANDARD = "gnu++14";
				CLANG_CXX_LIBRARY = "libc++";
				CLANG_ENABLE_MODULES = YES;
				CLANG_ENABLE_OBJC_ARC = YES;
				CLANG_ENABLE_OBJC_WEAK = YES;
				CLANG_WARN_BLOCK_CAPTURE_AUTORELEASING = YES;
				CLANG_WARN_BOOL_CONVERSION = YES;
				CLANG_WARN_COMMA = YES;
				CLANG_WARN_CONSTANT_CONVERSION = YES;
				CLANG_WARN_DEPRECATED_OBJC_IMPLEMENTATIONS = YES;
				CLANG_WARN_DIRECT_OBJC_ISA_USAGE = YES_ERROR;
				CLANG_WARN_DOCUMENTATION_COMMENTS = YES;
				CLANG_WARN_EMPTY_BODY = YES;
				CLANG_WARN_ENUM_CONVERSION = YES;
				CLANG_WARN_INFINITE_RECURSION = YES;
				CLANG_WARN_INT_CONVERSION = YES;
				CLANG_WARN_NON_LITERAL_NULL_CONVERSION = YES;
				CLANG_WARN_OBJC_IMPLICIT_RETAIN_SELF = YES;
				CLANG_WARN_OBJC_LITERAL_CONVERSION = YES;
				CLANG_WARN_OBJC_ROOT_CLASS = YES_ERROR;
				CLANG_WARN_QUOTED_INCLUDE_IN_FRAMEWORK_HEADER = YES;
				CLANG_WARN_RANGE_LOOP_ANALYSIS = YES;
				CLANG_WARN_STRICT_PROTOTYPES = YES;
				CLANG_WARN_SUSPICIOUS_MOVE = YES;
				CLANG_WARN_UNGUARDED_AVAILABILITY = YES_AGGRESSIVE;
				CLANG_WARN_UNREACHABLE_CODE = YES;
				CLANG_WARN__DUPLICATE_METHOD_MATCH = YES;
				COPY_PHASE_STRIP = NO;
				DEBUG_INFORMATION_FORMAT = dwarf;
				ENABLE_STRICT_OBJC_MSGSEND = YES;
				ENABLE_TESTABILITY = YES;
				GCC_C_LANGUAGE_STANDARD = gnu11;
				GCC_DYNAMIC_NO_PIC = NO;
				GCC_NO_COMMON_BLOCKS = YES;
				GCC_OPTIMIZATION_LEVEL = 0;
				GCC_PREPROCESSOR_DEFINITIONS = (
					"DEBUG=1",
					"$(inherited)",
				);
				GCC_WARN_64_TO_32_BIT_CONVERSION = YES;
				GCC_WARN_ABOUT_RETURN_TYPE = YES_ERROR;
				GCC_WARN_UNDECLARED_SELECTOR = YES;
				GCC_WARN_UNINITIALIZED_AUTOS = YES_AGGRESSIVE;
				GCC_WARN_UNUSED_FUNCTION = YES;
				GCC_WARN_UNUSED_VARIABLE = YES;
				IPHONEOS_DEPLOYMENT_TARGET = 14.2;
				MTL_ENABLE_DEBUG_INFO = INCLUDE_SOURCE;
				MTL_FAST_MATH = YES;
				ONLY_ACTIVE_ARCH = YES;
				SDKROOT = iphoneos;
				SWIFT_ACTIVE_COMPILATION_CONDITIONS = DEBUG;
				SWIFT_OPTIMIZATION_LEVEL = "-Onone";
			};
			name = Debug;
		};
		6082F80E256CB975008A482D /* Release */ = {
			isa = XCBuildConfiguration;
			buildSettings = {
				ALWAYS_SEARCH_USER_PATHS = NO;
				CLANG_ANALYZER_NONNULL = YES;
				CLANG_ANALYZER_NUMBER_OBJECT_CONVERSION = YES_AGGRESSIVE;
				CLANG_CXX_LANGUAGE_STANDARD = "gnu++14";
				CLANG_CXX_LIBRARY = "libc++";
				CLANG_ENABLE_MODULES = YES;
				CLANG_ENABLE_OBJC_ARC = YES;
				CLANG_ENABLE_OBJC_WEAK = YES;
				CLANG_WARN_BLOCK_CAPTURE_AUTORELEASING = YES;
				CLANG_WARN_BOOL_CONVERSION = YES;
				CLANG_WARN_COMMA = YES;
				CLANG_WARN_CONSTANT_CONVERSION = YES;
				CLANG_WARN_DEPRECATED_OBJC_IMPLEMENTATIONS = YES;
				CLANG_WARN_DIRECT_OBJC_ISA_USAGE = YES_ERROR;
				CLANG_WARN_DOCUMENTATION_COMMENTS = YES;
				CLANG_WARN_EMPTY_BODY = YES;
				CLANG_WARN_ENUM_CONVERSION = YES;
				CLANG_WARN_INFINITE_RECURSION = YES;
				CLANG_WARN_INT_CONVERSION = YES;
				CLANG_WARN_NON_LITERAL_NULL_CONVERSION = YES;
				CLANG_WARN_OBJC_IMPLICIT_RETAIN_SELF = YES;
				CLANG_WARN_OBJC_LITERAL_CONVERSION = YES;
				CLANG_WARN_OBJC_ROOT_CLASS = YES_ERROR;
				CLANG_WARN_QUOTED_INCLUDE_IN_FRAMEWORK_HEADER = YES;
				CLANG_WARN_RANGE_LOOP_ANALYSIS = YES;
				CLANG_WARN_STRICT_PROTOTYPES = YES;
				CLANG_WARN_SUSPICIOUS_MOVE = YES;
				CLANG_WARN_UNGUARDED_AVAILABILITY = YES_AGGRESSIVE;
				CLANG_WARN_UNREACHABLE_CODE = YES;
				CLANG_WARN__DUPLICATE_METHOD_MATCH = YES;
				COPY_PHASE_STRIP = NO;
				DEBUG_INFORMATION_FORMAT = "dwarf-with-dsym";
				ENABLE_NS_ASSERTIONS = NO;
				ENABLE_STRICT_OBJC_MSGSEND = YES;
				GCC_C_LANGUAGE_STANDARD = gnu11;
				GCC_NO_COMMON_BLOCKS = YES;
				GCC_WARN_64_TO_32_BIT_CONVERSION = YES;
				GCC_WARN_ABOUT_RETURN_TYPE = YES_ERROR;
				GCC_WARN_UNDECLARED_SELECTOR = YES;
				GCC_WARN_UNINITIALIZED_AUTOS = YES_AGGRESSIVE;
				GCC_WARN_UNUSED_FUNCTION = YES;
				GCC_WARN_UNUSED_VARIABLE = YES;
				IPHONEOS_DEPLOYMENT_TARGET = 14.2;
				MTL_ENABLE_DEBUG_INFO = NO;
				MTL_FAST_MATH = YES;
				SDKROOT = iphoneos;
				SWIFT_COMPILATION_MODE = wholemodule;
				SWIFT_OPTIMIZATION_LEVEL = "-O";
				VALIDATE_PRODUCT = YES;
			};
			name = Release;
		};
		6082F810256CB975008A482D /* Debug */ = {
			isa = XCBuildConfiguration;
			buildSettings = {
				ASSETCATALOG_COMPILER_APPICON_NAME = AppIcon;
				ASSETCATALOG_COMPILER_GLOBAL_ACCENT_COLOR_NAME = AccentColor;
				CODE_SIGN_STYLE = Automatic;
				DEVELOPMENT_ASSET_PATHS = "\"RFID_Bluetooth/Preview Content\"";
				DEVELOPMENT_TEAM = 65972SHM9W;
				ENABLE_PREVIEWS = YES;
				INFOPLIST_FILE = RFID_Bluetooth/Info.plist;
				IPHONEOS_DEPLOYMENT_TARGET = 14.0;
				LD_RUNPATH_SEARCH_PATHS = (
					"$(inherited)",
					"@executable_path/Frameworks",
				);
				PRODUCT_BUNDLE_IDENTIFIER = "SwiftUI.RFID-Bluetooth";
				PRODUCT_NAME = "$(TARGET_NAME)";
				SWIFT_VERSION = 5.0;
				TARGETED_DEVICE_FAMILY = "1,2";
			};
			name = Debug;
		};
		6082F811256CB975008A482D /* Release */ = {
			isa = XCBuildConfiguration;
			buildSettings = {
				ASSETCATALOG_COMPILER_APPICON_NAME = AppIcon;
				ASSETCATALOG_COMPILER_GLOBAL_ACCENT_COLOR_NAME = AccentColor;
				CODE_SIGN_STYLE = Automatic;
				DEVELOPMENT_ASSET_PATHS = "\"RFID_Bluetooth/Preview Content\"";
				DEVELOPMENT_TEAM = 65972SHM9W;
				ENABLE_PREVIEWS = YES;
				INFOPLIST_FILE = RFID_Bluetooth/Info.plist;
				IPHONEOS_DEPLOYMENT_TARGET = 14.0;
				LD_RUNPATH_SEARCH_PATHS = (
					"$(inherited)",
					"@executable_path/Frameworks",
				);
				PRODUCT_BUNDLE_IDENTIFIER = "SwiftUI.RFID-Bluetooth";
				PRODUCT_NAME = "$(TARGET_NAME)";
				SWIFT_VERSION = 5.0;
				TARGETED_DEVICE_FAMILY = "1,2";
			};
			name = Release;
		};
/* End XCBuildConfiguration section */

/* Begin XCConfigurationList section */
		6082F7FB256CB973008A482D /* Build configuration list for PBXProject "RFID_Bluetooth" */ = {
			isa = XCConfigurationList;
			buildConfigurations = (
				6082F80D256CB975008A482D /* Debug */,
				6082F80E256CB975008A482D /* Release */,
			);
			defaultConfigurationIsVisible = 0;
			defaultConfigurationName = Release;
		};
		6082F80F256CB975008A482D /* Build configuration list for PBXNativeTarget "RFID_Bluetooth" */ = {
			isa = XCConfigurationList;
			buildConfigurations = (
				6082F810256CB975008A482D /* Debug */,
				6082F811256CB975008A482D /* Release */,
			);
			defaultConfigurationIsVisible = 0;
			defaultConfigurationName = Release;
		};
/* End XCConfigurationList section */
	};
	rootObject = 6082F7F8256CB973008A482D /* Project object */;
}
